{
  "name": "lezer-ludus",
  "version": "0.1.0",
  "lockfileVersion": 3,
  "requires": true,
  "packages": {
    "": {
      "name": "lezer-ludus",
      "version": "0.1.0",
      "license": "MIT",
      "dependencies": {
        "@lezer/lr": "^1.0.0"
      },
      "devDependencies": {
        "@lezer/generator": "^1.0.0"
      }
    },
    "node_modules/@lezer/common": {
      "version": "1.1.1",
      "resolved": "https://registry.npmjs.org/@lezer/common/-/common-1.1.1.tgz",
      "integrity": "sha512-aAPB9YbvZHqAW+bIwiuuTDGB4DG0sYNRObGLxud8cW7osw1ZQxfDuTZ8KQiqfZ0QJGcR34CvpTMDXEyo/+Htgg=="
    },
    "node_modules/@lezer/generator": {
      "version": "1.5.1",
      "resolved": "https://registry.npmjs.org/@lezer/generator/-/generator-1.5.1.tgz",
      "integrity": "sha512-vodJv2JPwsFsiBBHE463yBhvUI9TmhIu5duF/8MH304xNS6FyWH/vTyG61pjhERm5f+VBP94co0eiN+afWcvXw==",
      "dev": true,
      "dependencies": {
        "@lezer/common": "^1.0.2",
        "@lezer/lr": "^1.3.0"
      },
      "bin": {
        "lezer-generator": "src/lezer-generator.cjs"
      }
    },
    "node_modules/@lezer/lr": {
      "version": "1.3.14",
      "resolved": "https://registry.npmjs.org/@lezer/lr/-/lr-1.3.14.tgz",
      "integrity": "sha512-z5mY4LStlA3yL7aHT/rqgG614cfcvklS+8oFRFBYrs4YaWLJyKKM4+nN6KopToX0o9Hj6zmH6M5kinOYuy06ug==",
      "dependencies": {
        "@lezer/common": "^1.0.0"
      }
    }
  }
}
